
Microsoft Visual Studio Solution File, Format Version 12.00
# Visual Studio Version 17
VisualStudioVersion = 17.9.34723.18
MinimumVisualStudioVersion = 10.0.40219.1
Project("{FAE04EC0-301F-11D3-BF4B-00C04F79EFBC}") = "API-Portfolio", "API-Portfolio.csproj", "{91F935B9-4E41-4D04-B82D-EDB197D010AB}"
EndProject
Project("{FAE04EC0-301F-11D3-BF4B-00C04F79EFBC}") = "WEB-UI-Portfolio", "..\WEB-UI-Portfolio\WEB-UI-Portfolio.csproj", "{AC56945C-EA55-42F6-BE4E-0E496ABA7BB6}"
EndProject
Global
	GlobalSection(SolutionConfigurationPlatforms) = preSolution
		Debug|Any CPU = Debug|Any CPU
		Release|Any CPU = Release|Any CPU
	EndGlobalSection
	GlobalSection(ProjectConfigurationPlatforms) = postSolution
		{91F935B9-4E41-4D04-B82D-EDB197D010AB}.Debug|Any CPU.ActiveCfg = Debug|Any CPU
		{91F935B9-4E41-4D04-B82D-EDB197D010AB}.Debug|Any CPU.Build.0 = Debug|Any CPU
		{91F935B9-4E41-4D04-B82D-EDB197D010AB}.Release|Any CPU.ActiveCfg = Release|Any CPU
		{91F935B9-4E41-4D04-B82D-EDB197D010AB}.Release|Any CPU.Build.0 = Release|Any CPU
		{AC56945C-EA55-42F6-BE4E-0E496ABA7BB6}.Debug|Any CPU.ActiveCfg = Debug|Any CPU
		{AC56945C-EA55-42F6-BE4E-0E496ABA7BB6}.Debug|Any CPU.Build.0 = Debug|Any CPU
		{AC56945C-EA55-42F6-BE4E-0E496ABA7BB6}.Release|Any CPU.ActiveCfg = Release|Any CPU
		{AC56945C-EA55-42F6-BE4E-0E496ABA7BB6}.Release|Any CPU.Build.0 = Release|Any CPU
	EndGlobalSection
	GlobalSection(SolutionProperties) = preSolution
		HideSolutionNode = FALSE
	EndGlobalSection
	GlobalSection(ExtensibilityGlobals) = postSolution
		SolutionGuid = {0D9F1914-ABE5-4D47-A629-05E3B9DD3BBC}
	EndGlobalSection
EndGlobal
